
Microsoft Visual Studio Solution File, Format Version 12.00
# Visual Studio Version 17
VisualStudioVersion = 17.11.35222.181
MinimumVisualStudioVersion = 10.0.40219.1
Project("{FAE04EC0-301F-11D3-BF4B-00C04F79EFBC}") = "Zadanie_Rekrutacyjne_SharpAi", "Zadanie_Rekrutacyjne_SharpAi\Zadanie_Rekrutacyjne_SharpAi.csproj", "{53483D5F-D9BD-40AA-ADC3-D40721E11CAD}"
EndProject
Global
	GlobalSection(SolutionConfigurationPlatforms) = preSolution
		Debug|Any CPU = Debug|Any CPU
		Release|Any CPU = Release|Any CPU
	EndGlobalSection
	GlobalSection(ProjectConfigurationPlatforms) = postSolution
		{53483D5F-D9BD-40AA-ADC3-D40721E11CAD}.Debug|Any CPU.ActiveCfg = Debug|Any CPU
		{53483D5F-D9BD-40AA-ADC3-D40721E11CAD}.Debug|Any CPU.Build.0 = Debug|Any CPU
		{53483D5F-D9BD-40AA-ADC3-D40721E11CAD}.Release|Any CPU.ActiveCfg = Release|Any CPU
		{53483D5F-D9BD-40AA-ADC3-D40721E11CAD}.Release|Any CPU.Build.0 = Release|Any CPU
	EndGlobalSection
	GlobalSection(SolutionProperties) = preSolution
		HideSolutionNode = FALSE
	EndGlobalSection
	GlobalSection(ExtensibilityGlobals) = postSolution
		SolutionGuid = {7A88313E-DF07-4D25-B311-8473072F24B4}
	EndGlobalSection
EndGlobal
